
Microsoft Visual Studio Solution File, Format Version 12.00
# Visual Studio 14
VisualStudioVersion = 14.0.25420.1
MinimumVisualStudioVersion = 10.0.40219.1
Project("{D954291E-2A0B-460D-934E-DC6B0785DB48}") = "Cars", "Cars\Cars\Cars.shproj", "{2CFF33B8-7295-44B8-90A9-2151BDFB14E7}"
EndProject
Project("{FAE04EC0-301F-11D3-BF4B-00C04F79EFBC}") = "Cars.Droid", "Cars\Cars.Droid\Cars.Droid.csproj", "{677A8DDF-2943-454C-AB6A-433CFFFCE766}"
EndProject
Project("{FAE04EC0-301F-11D3-BF4B-00C04F79EFBC}") = "Cars.iOS", "Cars\Cars.iOS\Cars.iOS.csproj", "{1E2CA0D1-64C7-4FEB-BC00-8F1208B5FCEC}"
EndProject
Project("{FAE04EC0-301F-11D3-BF4B-00C04F79EFBC}") = "Cars.WinPhone", "Cars\Cars.WinPhone\Cars.WinPhone.csproj", "{A9E17D20-9BD3-42AF-8E50-03D157BDB01F}"
EndProject
Project("{FAE04EC0-301F-11D3-BF4B-00C04F79EFBC}") = "Cars.UWP", "Cars\Cars.UWP\Cars.UWP.csproj", "{D2F84C2D-E484-4A69-A568-CB364C1FF943}"
EndProject
Project("{FAE04EC0-301F-11D3-BF4B-00C04F79EFBC}") = "Cars.Windows", "Cars\Cars.Windows\Cars.Windows.csproj", "{DDF2E290-CAA4-4349-A32A-B5F90ABD6F01}"
EndProject
Global
	GlobalSection(SharedMSBuildProjectFiles) = preSolution
		Cars\Cars\Cars.projitems*{1e2ca0d1-64c7-4feb-bc00-8f1208b5fcec}*SharedItemsImports = 4
		Cars\Cars\Cars.projitems*{2cff33b8-7295-44b8-90a9-2151bdfb14e7}*SharedItemsImports = 13
		Cars\Cars\Cars.projitems*{677a8ddf-2943-454c-ab6a-433cfffce766}*SharedItemsImports = 4
		Cars\Cars\Cars.projitems*{a9e17d20-9bd3-42af-8e50-03d157bdb01f}*SharedItemsImports = 4
		Cars\Cars\Cars.projitems*{d2f84c2d-e484-4a69-a568-cb364c1ff943}*SharedItemsImports = 4
		Cars\Cars\Cars.projitems*{ddf2e290-caa4-4349-a32a-b5f90abd6f01}*SharedItemsImports = 4
	EndGlobalSection
	GlobalSection(SolutionConfigurationPlatforms) = preSolution
		Ad-Hoc|Any CPU = Ad-Hoc|Any CPU
		Ad-Hoc|ARM = Ad-Hoc|ARM
		Ad-Hoc|iPhone = Ad-Hoc|iPhone
		Ad-Hoc|iPhoneSimulator = Ad-Hoc|iPhoneSimulator
		Ad-Hoc|x64 = Ad-Hoc|x64
		Ad-Hoc|x86 = Ad-Hoc|x86
		AppStore|Any CPU = AppStore|Any CPU
		AppStore|ARM = AppStore|ARM
		AppStore|iPhone = AppStore|iPhone
		AppStore|iPhoneSimulator = AppStore|iPhoneSimulator
		AppStore|x64 = AppStore|x64
		AppStore|x86 = AppStore|x86
		Debug|Any CPU = Debug|Any CPU
		Debug|ARM = Debug|ARM
		Debug|iPhone = Debug|iPhone
		Debug|iPhoneSimulator = Debug|iPhoneSimulator
		Debug|x64 = Debug|x64
		Debug|x86 = Debug|x86
		Release|Any CPU = Release|Any CPU
		Release|ARM = Release|ARM
		Release|iPhone = Release|iPhone
		Release|iPhoneSimulator = Release|iPhoneSimulator
		Release|x64 = Release|x64
		Release|x86 = Release|x86
	EndGlobalSection
	GlobalSection(ProjectConfigurationPlatforms) = postSolution
		{677A8DDF-2943-454C-AB6A-433CFFFCE766}.Ad-Hoc|Any CPU.ActiveCfg = Release|Any CPU
		{677A8DDF-2943-454C-AB6A-433CFFFCE766}.Ad-Hoc|Any CPU.Build.0 = Release|Any CPU
		{677A8DDF-2943-454C-AB6A-433CFFFCE766}.Ad-Hoc|Any CPU.Deploy.0 = Release|Any CPU
		{677A8DDF-2943-454C-AB6A-433CFFFCE766}.Ad-Hoc|ARM.ActiveCfg = Release|Any CPU
		{677A8DDF-2943-454C-AB6A-433CFFFCE766}.Ad-Hoc|ARM.Build.0 = Release|Any CPU
		{677A8DDF-2943-454C-AB6A-433CFFFCE766}.Ad-Hoc|ARM.Deploy.0 = Release|Any CPU
		{677A8DDF-2943-454C-AB6A-433CFFFCE766}.Ad-Hoc|iPhone.ActiveCfg = Release|Any CPU
		{677A8DDF-2943-454C-AB6A-433CFFFCE766}.Ad-Hoc|iPhone.Build.0 = Release|Any CPU
		{677A8DDF-2943-454C-AB6A-433CFFFCE766}.Ad-Hoc|iPhone.Deploy.0 = Release|Any CPU
		{677A8DDF-2943-454C-AB6A-433CFFFCE766}.Ad-Hoc|iPhoneSimulator.ActiveCfg = Release|Any CPU
		{677A8DDF-2943-454C-AB6A-433CFFFCE766}.Ad-Hoc|iPhoneSimulator.Build.0 = Release|Any CPU
		{677A8DDF-2943-454C-AB6A-433CFFFCE766}.Ad-Hoc|iPhoneSimulator.Deploy.0 = Release|Any CPU
		{677A8DDF-2943-454C-AB6A-433CFFFCE766}.Ad-Hoc|x64.ActiveCfg = Release|Any CPU
		{677A8DDF-2943-454C-AB6A-433CFFFCE766}.Ad-Hoc|x64.Build.0 = Release|Any CPU
		{677A8DDF-2943-454C-AB6A-433CFFFCE766}.Ad-Hoc|x64.Deploy.0 = Release|Any CPU
		{677A8DDF-2943-454C-AB6A-433CFFFCE766}.Ad-Hoc|x86.ActiveCfg = Release|Any CPU
		{677A8DDF-2943-454C-AB6A-433CFFFCE766}.Ad-Hoc|x86.Build.0 = Release|Any CPU
		{677A8DDF-2943-454C-AB6A-433CFFFCE766}.Ad-Hoc|x86.Deploy.0 = Release|Any CPU
		{677A8DDF-2943-454C-AB6A-433CFFFCE766}.AppStore|Any CPU.ActiveCfg = Release|Any CPU
		{677A8DDF-2943-454C-AB6A-433CFFFCE766}.AppStore|Any CPU.Build.0 = Release|Any CPU
		{677A8DDF-2943-454C-AB6A-433CFFFCE766}.AppStore|Any CPU.Deploy.0 = Release|Any CPU
		{677A8DDF-2943-454C-AB6A-433CFFFCE766}.AppStore|ARM.ActiveCfg = Release|Any CPU
		{677A8DDF-2943-454C-AB6A-433CFFFCE766}.AppStore|ARM.Build.0 = Release|Any CPU
		{677A8DDF-2943-454C-AB6A-433CFFFCE766}.AppStore|ARM.Deploy.0 = Release|Any CPU
		{677A8DDF-2943-454C-AB6A-433CFFFCE766}.AppStore|iPhone.ActiveCfg = Release|Any CPU
		{677A8DDF-2943-454C-AB6A-433CFFFCE766}.AppStore|iPhone.Build.0 = Release|Any CPU
		{677A8DDF-2943-454C-AB6A-433CFFFCE766}.AppStore|iPhone.Deploy.0 = Release|Any CPU
		{677A8DDF-2943-454C-AB6A-433CFFFCE766}.AppStore|iPhoneSimulator.ActiveCfg = Release|Any CPU
		{677A8DDF-2943-454C-AB6A-433CFFFCE766}.AppStore|iPhoneSimulator.Build.0 = Release|Any CPU
		{677A8DDF-2943-454C-AB6A-433CFFFCE766}.AppStore|iPhoneSimulator.Deploy.0 = Release|Any CPU
		{677A8DDF-2943-454C-AB6A-433CFFFCE766}.AppStore|x64.ActiveCfg = Release|Any CPU
		{677A8DDF-2943-454C-AB6A-433CFFFCE766}.AppStore|x64.Build.0 = Release|Any CPU
		{677A8DDF-2943-454C-AB6A-433CFFFCE766}.AppStore|x64.Deploy.0 = Release|Any CPU
		{677A8DDF-2943-454C-AB6A-433CFFFCE766}.AppStore|x86.ActiveCfg = Release|Any CPU
		{677A8DDF-2943-454C-AB6A-433CFFFCE766}.AppStore|x86.Build.0 = Release|Any CPU
		{677A8DDF-2943-454C-AB6A-433CFFFCE766}.AppStore|x86.Deploy.0 = Release|Any CPU
		{677A8DDF-2943-454C-AB6A-433CFFFCE766}.Debug|Any CPU.ActiveCfg = Debug|Any CPU
		{677A8DDF-2943-454C-AB6A-433CFFFCE766}.Debug|Any CPU.Build.0 = Debug|Any CPU
		{677A8DDF-2943-454C-AB6A-433CFFFCE766}.Debug|Any CPU.Deploy.0 = Debug|Any CPU
		{677A8DDF-2943-454C-AB6A-433CFFFCE766}.Debug|ARM.ActiveCfg = Debug|Any CPU
		{677A8DDF-2943-454C-AB6A-433CFFFCE766}.Debug|ARM.Build.0 = Debug|Any CPU
		{677A8DDF-2943-454C-AB6A-433CFFFCE766}.Debug|ARM.Deploy.0 = Debug|Any CPU
		{677A8DDF-2943-454C-AB6A-433CFFFCE766}.Debug|iPhone.ActiveCfg = Debug|Any CPU
		{677A8DDF-2943-454C-AB6A-433CFFFCE766}.Debug|iPhone.Build.0 = Debug|Any CPU
		{677A8DDF-2943-454C-AB6A-433CFFFCE766}.Debug|iPhone.Deploy.0 = Debug|Any CPU
		{677A8DDF-2943-454C-AB6A-433CFFFCE766}.Debug|iPhoneSimulator.ActiveCfg = Debug|Any CPU
		{677A8DDF-2943-454C-AB6A-433CFFFCE766}.Debug|iPhoneSimulator.Build.0 = Debug|Any CPU
		{677A8DDF-2943-454C-AB6A-433CFFFCE766}.Debug|iPhoneSimulator.Deploy.0 = Debug|Any CPU
		{677A8DDF-2943-454C-AB6A-433CFFFCE766}.Debug|x64.ActiveCfg = Debug|Any CPU
		{677A8DDF-2943-454C-AB6A-433CFFFCE766}.Debug|x64.Build.0 = Debug|Any CPU
		{677A8DDF-2943-454C-AB6A-433CFFFCE766}.Debug|x64.Deploy.0 = Debug|Any CPU
		{677A8DDF-2943-454C-AB6A-433CFFFCE766}.Debug|x86.ActiveCfg = Debug|Any CPU
		{677A8DDF-2943-454C-AB6A-433CFFFCE766}.Debug|x86.Build.0 = Debug|Any CPU
		{677A8DDF-2943-454C-AB6A-433CFFFCE766}.Debug|x86.Deploy.0 = Debug|Any CPU
		{677A8DDF-2943-454C-AB6A-433CFFFCE766}.Release|Any CPU.ActiveCfg = Release|Any CPU
		{677A8DDF-2943-454C-AB6A-433CFFFCE766}.Release|Any CPU.Build.0 = Release|Any CPU
		{677A8DDF-2943-454C-AB6A-433CFFFCE766}.Release|Any CPU.Deploy.0 = Release|Any CPU
		{677A8DDF-2943-454C-AB6A-433CFFFCE766}.Release|ARM.ActiveCfg = Release|Any CPU
		{677A8DDF-2943-454C-AB6A-433CFFFCE766}.Release|ARM.Build.0 = Release|Any CPU
		{677A8DDF-2943-454C-AB6A-433CFFFCE766}.Release|ARM.Deploy.0 = Release|Any CPU
		{677A8DDF-2943-454C-AB6A-433CFFFCE766}.Release|iPhone.ActiveCfg = Release|Any CPU
		{677A8DDF-2943-454C-AB6A-433CFFFCE766}.Release|iPhone.Build.0 = Release|Any CPU
		{677A8DDF-2943-454C-AB6A-433CFFFCE766}.Release|iPhone.Deploy.0 = Release|Any CPU
		{677A8DDF-2943-454C-AB6A-433CFFFCE766}.Release|iPhoneSimulator.ActiveCfg = Release|Any CPU
		{677A8DDF-2943-454C-AB6A-433CFFFCE766}.Release|iPhoneSimulator.Build.0 = Release|Any CPU
		{677A8DDF-2943-454C-AB6A-433CFFFCE766}.Release|iPhoneSimulator.Deploy.0 = Release|Any CPU
		{677A8DDF-2943-454C-AB6A-433CFFFCE766}.Release|x64.ActiveCfg = Release|Any CPU
		{677A8DDF-2943-454C-AB6A-433CFFFCE766}.Release|x64.Build.0 = Release|Any CPU
		{677A8DDF-2943-454C-AB6A-433CFFFCE766}.Release|x64.Deploy.0 = Release|Any CPU
		{677A8DDF-2943-454C-AB6A-433CFFFCE766}.Release|x86.ActiveCfg = Release|Any CPU
		{677A8DDF-2943-454C-AB6A-433CFFFCE766}.Release|x86.Build.0 = Release|Any CPU
		{677A8DDF-2943-454C-AB6A-433CFFFCE766}.Release|x86.Deploy.0 = Release|Any CPU
		{1E2CA0D1-64C7-4FEB-BC00-8F1208B5FCEC}.Ad-Hoc|Any CPU.ActiveCfg = Ad-Hoc|iPhone
		{1E2CA0D1-64C7-4FEB-BC00-8F1208B5FCEC}.Ad-Hoc|ARM.ActiveCfg = Ad-Hoc|iPhone
		{1E2CA0D1-64C7-4FEB-BC00-8F1208B5FCEC}.Ad-Hoc|iPhone.ActiveCfg = Ad-Hoc|iPhone
		{1E2CA0D1-64C7-4FEB-BC00-8F1208B5FCEC}.Ad-Hoc|iPhone.Build.0 = Ad-Hoc|iPhone
		{1E2CA0D1-64C7-4FEB-BC00-8F1208B5FCEC}.Ad-Hoc|iPhoneSimulator.ActiveCfg = Ad-Hoc|iPhoneSimulator
		{1E2CA0D1-64C7-4FEB-BC00-8F1208B5FCEC}.Ad-Hoc|iPhoneSimulator.Build.0 = Ad-Hoc|iPhoneSimulator
		{1E2CA0D1-64C7-4FEB-BC00-8F1208B5FCEC}.Ad-Hoc|x64.ActiveCfg = Ad-Hoc|iPhone
		{1E2CA0D1-64C7-4FEB-BC00-8F1208B5FCEC}.Ad-Hoc|x86.ActiveCfg = Ad-Hoc|iPhone
		{1E2CA0D1-64C7-4FEB-BC00-8F1208B5FCEC}.AppStore|Any CPU.ActiveCfg = AppStore|iPhone
		{1E2CA0D1-64C7-4FEB-BC00-8F1208B5FCEC}.AppStore|ARM.ActiveCfg = AppStore|iPhone
		{1E2CA0D1-64C7-4FEB-BC00-8F1208B5FCEC}.AppStore|iPhone.ActiveCfg = AppStore|iPhone
		{1E2CA0D1-64C7-4FEB-BC00-8F1208B5FCEC}.AppStore|iPhone.Build.0 = AppStore|iPhone
		{1E2CA0D1-64C7-4FEB-BC00-8F1208B5FCEC}.AppStore|iPhoneSimulator.ActiveCfg = AppStore|iPhoneSimulator
		{1E2CA0D1-64C7-4FEB-BC00-8F1208B5FCEC}.AppStore|iPhoneSimulator.Build.0 = AppStore|iPhoneSimulator
		{1E2CA0D1-64C7-4FEB-BC00-8F1208B5FCEC}.AppStore|x64.ActiveCfg = AppStore|iPhone
		{1E2CA0D1-64C7-4FEB-BC00-8F1208B5FCEC}.AppStore|x86.ActiveCfg = AppStore|iPhone
		{1E2CA0D1-64C7-4FEB-BC00-8F1208B5FCEC}.Debug|Any CPU.ActiveCfg = Debug|iPhone
		{1E2CA0D1-64C7-4FEB-BC00-8F1208B5FCEC}.Debug|ARM.ActiveCfg = Debug|iPhone
		{1E2CA0D1-64C7-4FEB-BC00-8F1208B5FCEC}.Debug|iPhone.ActiveCfg = Debug|iPhone
		{1E2CA0D1-64C7-4FEB-BC00-8F1208B5FCEC}.Debug|iPhone.Build.0 = Debug|iPhone
		{1E2CA0D1-64C7-4FEB-BC00-8F1208B5FCEC}.Debug|iPhoneSimulator.ActiveCfg = Debug|iPhoneSimulator
		{1E2CA0D1-64C7-4FEB-BC00-8F1208B5FCEC}.Debug|iPhoneSimulator.Build.0 = Debug|iPhoneSimulator
		{1E2CA0D1-64C7-4FEB-BC00-8F1208B5FCEC}.Debug|x64.ActiveCfg = Debug|iPhone
		{1E2CA0D1-64C7-4FEB-BC00-8F1208B5FCEC}.Debug|x86.ActiveCfg = Debug|iPhone
		{1E2CA0D1-64C7-4FEB-BC00-8F1208B5FCEC}.Release|Any CPU.ActiveCfg = Release|iPhone
		{1E2CA0D1-64C7-4FEB-BC00-8F1208B5FCEC}.Release|ARM.ActiveCfg = Release|iPhone
		{1E2CA0D1-64C7-4FEB-BC00-8F1208B5FCEC}.Release|iPhone.ActiveCfg = Release|iPhone
		{1E2CA0D1-64C7-4FEB-BC00-8F1208B5FCEC}.Release|iPhone.Build.0 = Release|iPhone
		{1E2CA0D1-64C7-4FEB-BC00-8F1208B5FCEC}.Release|iPhoneSimulator.ActiveCfg = Release|iPhoneSimulator
		{1E2CA0D1-64C7-4FEB-BC00-8F1208B5FCEC}.Release|iPhoneSimulator.Build.0 = Release|iPhoneSimulator
		{1E2CA0D1-64C7-4FEB-BC00-8F1208B5FCEC}.Release|x64.ActiveCfg = Release|iPhone
		{1E2CA0D1-64C7-4FEB-BC00-8F1208B5FCEC}.Release|x86.ActiveCfg = Release|iPhone
		{A9E17D20-9BD3-42AF-8E50-03D157BDB01F}.Ad-Hoc|Any CPU.ActiveCfg = Release|Any CPU
		{A9E17D20-9BD3-42AF-8E50-03D157BDB01F}.Ad-Hoc|Any CPU.Build.0 = Release|Any CPU
		{A9E17D20-9BD3-42AF-8E50-03D157BDB01F}.Ad-Hoc|Any CPU.Deploy.0 = Release|Any CPU
		{A9E17D20-9BD3-42AF-8E50-03D157BDB01F}.Ad-Hoc|ARM.ActiveCfg = Release|ARM
		{A9E17D20-9BD3-42AF-8E50-03D157BDB01F}.Ad-Hoc|ARM.Build.0 = Release|ARM
		{A9E17D20-9BD3-42AF-8E50-03D157BDB01F}.Ad-Hoc|ARM.Deploy.0 = Release|ARM
		{A9E17D20-9BD3-42AF-8E50-03D157BDB01F}.Ad-Hoc|iPhone.ActiveCfg = Release|Any CPU
		{A9E17D20-9BD3-42AF-8E50-03D157BDB01F}.Ad-Hoc|iPhone.Build.0 = Release|Any CPU
		{A9E17D20-9BD3-42AF-8E50-03D157BDB01F}.Ad-Hoc|iPhone.Deploy.0 = Release|Any CPU
		{A9E17D20-9BD3-42AF-8E50-03D157BDB01F}.Ad-Hoc|iPhoneSimulator.ActiveCfg = Release|Any CPU
		{A9E17D20-9BD3-42AF-8E50-03D157BDB01F}.Ad-Hoc|iPhoneSimulator.Build.0 = Release|Any CPU
		{A9E17D20-9BD3-42AF-8E50-03D157BDB01F}.Ad-Hoc|iPhoneSimulator.Deploy.0 = Release|Any CPU
		{A9E17D20-9BD3-42AF-8E50-03D157BDB01F}.Ad-Hoc|x64.ActiveCfg = Release|Any CPU
		{A9E17D20-9BD3-42AF-8E50-03D157BDB01F}.Ad-Hoc|x64.Build.0 = Release|Any CPU
		{A9E17D20-9BD3-42AF-8E50-03D157BDB01F}.Ad-Hoc|x64.Deploy.0 = Release|Any CPU
		{A9E17D20-9BD3-42AF-8E50-03D157BDB01F}.Ad-Hoc|x86.ActiveCfg = Release|x86
		{A9E17D20-9BD3-42AF-8E50-03D157BDB01F}.Ad-Hoc|x86.Build.0 = Release|x86
		{A9E17D20-9BD3-42AF-8E50-03D157BDB01F}.Ad-Hoc|x86.Deploy.0 = Release|x86
		{A9E17D20-9BD3-42AF-8E50-03D157BDB01F}.AppStore|Any CPU.ActiveCfg = Release|Any CPU
		{A9E17D20-9BD3-42AF-8E50-03D157BDB01F}.AppStore|Any CPU.Build.0 = Release|Any CPU
		{A9E17D20-9BD3-42AF-8E50-03D157BDB01F}.AppStore|Any CPU.Deploy.0 = Release|Any CPU
		{A9E17D20-9BD3-42AF-8E50-03D157BDB01F}.AppStore|ARM.ActiveCfg = Release|ARM
		{A9E17D20-9BD3-42AF-8E50-03D157BDB01F}.AppStore|ARM.Build.0 = Release|ARM
		{A9E17D20-9BD3-42AF-8E50-03D157BDB01F}.AppStore|ARM.Deploy.0 = Release|ARM
		{A9E17D20-9BD3-42AF-8E50-03D157BDB01F}.AppStore|iPhone.ActiveCfg = Release|Any CPU
		{A9E17D20-9BD3-42AF-8E50-03D157BDB01F}.AppStore|iPhone.Build.0 = Release|Any CPU
		{A9E17D20-9BD3-42AF-8E50-03D157BDB01F}.AppStore|iPhone.Deploy.0 = Release|Any CPU
		{A9E17D20-9BD3-42AF-8E50-03D157BDB01F}.AppStore|iPhoneSimulator.ActiveCfg = Release|Any CPU
		{A9E17D20-9BD3-42AF-8E50-03D157BDB01F}.AppStore|iPhoneSimulator.Build.0 = Release|Any CPU
		{A9E17D20-9BD3-42AF-8E50-03D157BDB01F}.AppStore|iPhoneSimulator.Deploy.0 = Release|Any CPU
		{A9E17D20-9BD3-42AF-8E50-03D157BDB01F}.AppStore|x64.ActiveCfg = Release|Any CPU
		{A9E17D20-9BD3-42AF-8E50-03D157BDB01F}.AppStore|x64.Build.0 = Release|Any CPU
		{A9E17D20-9BD3-42AF-8E50-03D157BDB01F}.AppStore|x64.Deploy.0 = Release|Any CPU
		{A9E17D20-9BD3-42AF-8E50-03D157BDB01F}.AppStore|x86.ActiveCfg = Release|x86
		{A9E17D20-9BD3-42AF-8E50-03D157BDB01F}.AppStore|x86.Build.0 = Release|x86
		{A9E17D20-9BD3-42AF-8E50-03D157BDB01F}.AppStore|x86.Deploy.0 = Release|x86
		{A9E17D20-9BD3-42AF-8E50-03D157BDB01F}.Debug|Any CPU.ActiveCfg = Debug|Any CPU
		{A9E17D20-9BD3-42AF-8E50-03D157BDB01F}.Debug|Any CPU.Build.0 = Debug|Any CPU
		{A9E17D20-9BD3-42AF-8E50-03D157BDB01F}.Debug|Any CPU.Deploy.0 = Debug|Any CPU
		{A9E17D20-9BD3-42AF-8E50-03D157BDB01F}.Debug|ARM.ActiveCfg = Debug|ARM
		{A9E17D20-9BD3-42AF-8E50-03D157BDB01F}.Debug|ARM.Build.0 = Debug|ARM
		{A9E17D20-9BD3-42AF-8E50-03D157BDB01F}.Debug|ARM.Deploy.0 = Debug|ARM
		{A9E17D20-9BD3-42AF-8E50-03D157BDB01F}.Debug|iPhone.ActiveCfg = Debug|Any CPU
		{A9E17D20-9BD3-42AF-8E50-03D157BDB01F}.Debug|iPhone.Build.0 = Debug|Any CPU
		{A9E17D20-9BD3-42AF-8E50-03D157BDB01F}.Debug|iPhone.Deploy.0 = Debug|Any CPU
		{A9E17D20-9BD3-42AF-8E50-03D157BDB01F}.Debug|iPhoneSimulator.ActiveCfg = Debug|Any CPU
		{A9E17D20-9BD3-42AF-8E50-03D157BDB01F}.Debug|iPhoneSimulator.Build.0 = Debug|Any CPU
		{A9E17D20-9BD3-42AF-8E50-03D157BDB01F}.Debug|iPhoneSimulator.Deploy.0 = Debug|Any CPU
		{A9E17D20-9BD3-42AF-8E50-03D157BDB01F}.Debug|x64.ActiveCfg = Debug|Any CPU
		{A9E17D20-9BD3-42AF-8E50-03D157BDB01F}.Debug|x64.Build.0 = Debug|Any CPU
		{A9E17D20-9BD3-42AF-8E50-03D157BDB01F}.Debug|x64.Deploy.0 = Debug|Any CPU
		{A9E17D20-9BD3-42AF-8E50-03D157BDB01F}.Debug|x86.ActiveCfg = Debug|x86
		{A9E17D20-9BD3-42AF-8E50-03D157BDB01F}.Debug|x86.Build.0 = Debug|x86
		{A9E17D20-9BD3-42AF-8E50-03D157BDB01F}.Debug|x86.Deploy.0 = Debug|x86
		{A9E17D20-9BD3-42AF-8E50-03D157BDB01F}.Release|Any CPU.ActiveCfg = Release|Any CPU
		{A9E17D20-9BD3-42AF-8E50-03D157BDB01F}.Release|Any CPU.Build.0 = Release|Any CPU
		{A9E17D20-9BD3-42AF-8E50-03D157BDB01F}.Release|Any CPU.Deploy.0 = Release|Any CPU
		{A9E17D20-9BD3-42AF-8E50-03D157BDB01F}.Release|ARM.ActiveCfg = Release|ARM
		{A9E17D20-9BD3-42AF-8E50-03D157BDB01F}.Release|ARM.Build.0 = Release|ARM
		{A9E17D20-9BD3-42AF-8E50-03D157BDB01F}.Release|ARM.Deploy.0 = Release|ARM
		{A9E17D20-9BD3-42AF-8E50-03D157BDB01F}.Release|iPhone.ActiveCfg = Release|Any CPU
		{A9E17D20-9BD3-42AF-8E50-03D157BDB01F}.Release|iPhone.Build.0 = Release|Any CPU
		{A9E17D20-9BD3-42AF-8E50-03D157BDB01F}.Release|iPhone.Deploy.0 = Release|Any CPU
		{A9E17D20-9BD3-42AF-8E50-03D157BDB01F}.Release|iPhoneSimulator.ActiveCfg = Release|Any CPU
		{A9E17D20-9BD3-42AF-8E50-03D157BDB01F}.Release|iPhoneSimulator.Build.0 = Release|Any CPU
		{A9E17D20-9BD3-42AF-8E50-03D157BDB01F}.Release|iPhoneSimulator.Deploy.0 = Release|Any CPU
		{A9E17D20-9BD3-42AF-8E50-03D157BDB01F}.Release|x64.ActiveCfg = Release|Any CPU
		{A9E17D20-9BD3-42AF-8E50-03D157BDB01F}.Release|x64.Build.0 = Release|Any CPU
		{A9E17D20-9BD3-42AF-8E50-03D157BDB01F}.Release|x64.Deploy.0 = Release|Any CPU
		{A9E17D20-9BD3-42AF-8E50-03D157BDB01F}.Release|x86.ActiveCfg = Release|x86
		{A9E17D20-9BD3-42AF-8E50-03D157BDB01F}.Release|x86.Build.0 = Release|x86
		{A9E17D20-9BD3-42AF-8E50-03D157BDB01F}.Release|x86.Deploy.0 = Release|x86
		{D2F84C2D-E484-4A69-A568-CB364C1FF943}.Ad-Hoc|Any CPU.ActiveCfg = Release|x86
		{D2F84C2D-E484-4A69-A568-CB364C1FF943}.Ad-Hoc|Any CPU.Build.0 = Release|x86
		{D2F84C2D-E484-4A69-A568-CB364C1FF943}.Ad-Hoc|Any CPU.Deploy.0 = Release|x86
		{D2F84C2D-E484-4A69-A568-CB364C1FF943}.Ad-Hoc|ARM.ActiveCfg = Release|ARM
		{D2F84C2D-E484-4A69-A568-CB364C1FF943}.Ad-Hoc|ARM.Build.0 = Release|ARM
		{D2F84C2D-E484-4A69-A568-CB364C1FF943}.Ad-Hoc|ARM.Deploy.0 = Release|ARM
		{D2F84C2D-E484-4A69-A568-CB364C1FF943}.Ad-Hoc|iPhone.ActiveCfg = Release|x86
		{D2F84C2D-E484-4A69-A568-CB364C1FF943}.Ad-Hoc|iPhone.Build.0 = Release|x86
		{D2F84C2D-E484-4A69-A568-CB364C1FF943}.Ad-Hoc|iPhone.Deploy.0 = Release|x86
		{D2F84C2D-E484-4A69-A568-CB364C1FF943}.Ad-Hoc|iPhoneSimulator.ActiveCfg = Release|x86
		{D2F84C2D-E484-4A69-A568-CB364C1FF943}.Ad-Hoc|iPhoneSimulator.Build.0 = Release|x86
		{D2F84C2D-E484-4A69-A568-CB364C1FF943}.Ad-Hoc|iPhoneSimulator.Deploy.0 = Release|x86
		{D2F84C2D-E484-4A69-A568-CB364C1FF943}.Ad-Hoc|x64.ActiveCfg = Release|x64
		{D2F84C2D-E484-4A69-A568-CB364C1FF943}.Ad-Hoc|x64.Build.0 = Release|x64
		{D2F84C2D-E484-4A69-A568-CB364C1FF943}.Ad-Hoc|x64.Deploy.0 = Release|x64
		{D2F84C2D-E484-4A69-A568-CB364C1FF943}.Ad-Hoc|x86.ActiveCfg = Release|x86
		{D2F84C2D-E484-4A69-A568-CB364C1FF943}.Ad-Hoc|x86.Build.0 = Release|x86
		{D2F84C2D-E484-4A69-A568-CB364C1FF943}.Ad-Hoc|x86.Deploy.0 = Release|x86
		{D2F84C2D-E484-4A69-A568-CB364C1FF943}.AppStore|Any CPU.ActiveCfg = Release|x86
		{D2F84C2D-E484-4A69-A568-CB364C1FF943}.AppStore|Any CPU.Build.0 = Release|x86
		{D2F84C2D-E484-4A69-A568-CB364C1FF943}.AppStore|Any CPU.Deploy.0 = Release|x86
		{D2F84C2D-E484-4A69-A568-CB364C1FF943}.AppStore|ARM.ActiveCfg = Release|ARM
		{D2F84C2D-E484-4A69-A568-CB364C1FF943}.AppStore|ARM.Build.0 = Release|ARM
		{D2F84C2D-E484-4A69-A568-CB364C1FF943}.AppStore|ARM.Deploy.0 = Release|ARM
		{D2F84C2D-E484-4A69-A568-CB364C1FF943}.AppStore|iPhone.ActiveCfg = Release|x86
		{D2F84C2D-E484-4A69-A568-CB364C1FF943}.AppStore|iPhone.Build.0 = Release|x86
		{D2F84C2D-E484-4A69-A568-CB364C1FF943}.AppStore|iPhone.Deploy.0 = Release|x86
		{D2F84C2D-E484-4A69-A568-CB364C1FF943}.AppStore|iPhoneSimulator.ActiveCfg = Release|x86
		{D2F84C2D-E484-4A69-A568-CB364C1FF943}.AppStore|iPhoneSimulator.Build.0 = Release|x86
		{D2F84C2D-E484-4A69-A568-CB364C1FF943}.AppStore|iPhoneSimulator.Deploy.0 = Release|x86
		{D2F84C2D-E484-4A69-A568-CB364C1FF943}.AppStore|x64.ActiveCfg = Release|x64
		{D2F84C2D-E484-4A69-A568-CB364C1FF943}.AppStore|x64.Build.0 = Release|x64
		{D2F84C2D-E484-4A69-A568-CB364C1FF943}.AppStore|x64.Deploy.0 = Release|x64
		{D2F84C2D-E484-4A69-A568-CB364C1FF943}.AppStore|x86.ActiveCfg = Release|x86
		{D2F84C2D-E484-4A69-A568-CB364C1FF943}.AppStore|x86.Build.0 = Release|x86
		{D2F84C2D-E484-4A69-A568-CB364C1FF943}.AppStore|x86.Deploy.0 = Release|x86
		{D2F84C2D-E484-4A69-A568-CB364C1FF943}.Debug|Any CPU.ActiveCfg = Debug|x86
		{D2F84C2D-E484-4A69-A568-CB364C1FF943}.Debug|ARM.ActiveCfg = Debug|ARM
		{D2F84C2D-E484-4A69-A568-CB364C1FF943}.Debug|ARM.Build.0 = Debug|ARM
		{D2F84C2D-E484-4A69-A568-CB364C1FF943}.Debug|ARM.Deploy.0 = Debug|ARM
		{D2F84C2D-E484-4A69-A568-CB364C1FF943}.Debug|iPhone.ActiveCfg = Debug|x86
		{D2F84C2D-E484-4A69-A568-CB364C1FF943}.Debug|iPhoneSimulator.ActiveCfg = Debug|x86
		{D2F84C2D-E484-4A69-A568-CB364C1FF943}.Debug|x64.ActiveCfg = Debug|x64
		{D2F84C2D-E484-4A69-A568-CB364C1FF943}.Debug|x64.Build.0 = Debug|x64
		{D2F84C2D-E484-4A69-A568-CB364C1FF943}.Debug|x64.Deploy.0 = Debug|x64
		{D2F84C2D-E484-4A69-A568-CB364C1FF943}.Debug|x86.ActiveCfg = Debug|x86
		{D2F84C2D-E484-4A69-A568-CB364C1FF943}.Debug|x86.Build.0 = Debug|x86
		{D2F84C2D-E484-4A69-A568-CB364C1FF943}.Debug|x86.Deploy.0 = Debug|x86
		{D2F84C2D-E484-4A69-A568-CB364C1FF943}.Release|Any CPU.ActiveCfg = Release|x86
		{D2F84C2D-E484-4A69-A568-CB364C1FF943}.Release|ARM.ActiveCfg = Release|ARM
		{D2F84C2D-E484-4A69-A568-CB364C1FF943}.Release|ARM.Build.0 = Release|ARM
		{D2F84C2D-E484-4A69-A568-CB364C1FF943}.Release|ARM.Deploy.0 = Release|ARM
		{D2F84C2D-E484-4A69-A568-CB364C1FF943}.Release|iPhone.ActiveCfg = Release|x86
		{D2F84C2D-E484-4A69-A568-CB364C1FF943}.Release|iPhoneSimulator.ActiveCfg = Release|x86
		{D2F84C2D-E484-4A69-A568-CB364C1FF943}.Release|x64.ActiveCfg = Release|x64
		{D2F84C2D-E484-4A69-A568-CB364C1FF943}.Release|x64.Build.0 = Release|x64
		{D2F84C2D-E484-4A69-A568-CB364C1FF943}.Release|x64.Deploy.0 = Release|x64
		{D2F84C2D-E484-4A69-A568-CB364C1FF943}.Release|x86.ActiveCfg = Release|x86
		{D2F84C2D-E484-4A69-A568-CB364C1FF943}.Release|x86.Build.0 = Release|x86
		{D2F84C2D-E484-4A69-A568-CB364C1FF943}.Release|x86.Deploy.0 = Release|x86
		{DDF2E290-CAA4-4349-A32A-B5F90ABD6F01}.Ad-Hoc|Any CPU.ActiveCfg = Release|Any CPU
		{DDF2E290-CAA4-4349-A32A-B5F90ABD6F01}.Ad-Hoc|Any CPU.Build.0 = Release|Any CPU
		{DDF2E290-CAA4-4349-A32A-B5F90ABD6F01}.Ad-Hoc|Any CPU.Deploy.0 = Release|Any CPU
		{DDF2E290-CAA4-4349-A32A-B5F90ABD6F01}.Ad-Hoc|ARM.ActiveCfg = Release|ARM
		{DDF2E290-CAA4-4349-A32A-B5F90ABD6F01}.Ad-Hoc|ARM.Build.0 = Release|ARM
		{DDF2E290-CAA4-4349-A32A-B5F90ABD6F01}.Ad-Hoc|ARM.Deploy.0 = Release|ARM
		{DDF2E290-CAA4-4349-A32A-B5F90ABD6F01}.Ad-Hoc|iPhone.ActiveCfg = Release|Any CPU
		{DDF2E290-CAA4-4349-A32A-B5F90ABD6F01}.Ad-Hoc|iPhone.Build.0 = Release|Any CPU
		{DDF2E290-CAA4-4349-A32A-B5F90ABD6F01}.Ad-Hoc|iPhone.Deploy.0 = Release|Any CPU
		{DDF2E290-CAA4-4349-A32A-B5F90ABD6F01}.Ad-Hoc|iPhoneSimulator.ActiveCfg = Release|Any CPU
		{DDF2E290-CAA4-4349-A32A-B5F90ABD6F01}.Ad-Hoc|iPhoneSimulator.Build.0 = Release|Any CPU
		{DDF2E290-CAA4-4349-A32A-B5F90ABD6F01}.Ad-Hoc|iPhoneSimulator.Deploy.0 = Release|Any CPU
		{DDF2E290-CAA4-4349-A32A-B5F90ABD6F01}.Ad-Hoc|x64.ActiveCfg = Release|x64
		{DDF2E290-CAA4-4349-A32A-B5F90ABD6F01}.Ad-Hoc|x64.Build.0 = Release|x64
		{DDF2E290-CAA4-4349-A32A-B5F90ABD6F01}.Ad-Hoc|x64.Deploy.0 = Release|x64
		{DDF2E290-CAA4-4349-A32A-B5F90ABD6F01}.Ad-Hoc|x86.ActiveCfg = Release|x86
		{DDF2E290-CAA4-4349-A32A-B5F90ABD6F01}.Ad-Hoc|x86.Build.0 = Release|x86
		{DDF2E290-CAA4-4349-A32A-B5F90ABD6F01}.Ad-Hoc|x86.Deploy.0 = Release|x86
		{DDF2E290-CAA4-4349-A32A-B5F90ABD6F01}.AppStore|Any CPU.ActiveCfg = Release|Any CPU
		{DDF2E290-CAA4-4349-A32A-B5F90ABD6F01}.AppStore|Any CPU.Build.0 = Release|Any CPU
		{DDF2E290-CAA4-4349-A32A-B5F90ABD6F01}.AppStore|Any CPU.Deploy.0 = Release|Any CPU
		{DDF2E290-CAA4-4349-A32A-B5F90ABD6F01}.AppStore|ARM.ActiveCfg = Release|ARM
		{DDF2E290-CAA4-4349-A32A-B5F90ABD6F01}.AppStore|ARM.Build.0 = Release|ARM
		{DDF2E290-CAA4-4349-A32A-B5F90ABD6F01}.AppStore|ARM.Deploy.0 = Release|ARM
		{DDF2E290-CAA4-4349-A32A-B5F90ABD6F01}.AppStore|iPhone.ActiveCfg = Release|Any CPU
		{DDF2E290-CAA4-4349-A32A-B5F90ABD6F01}.AppStore|iPhone.Build.0 = Release|Any CPU
		{DDF2E290-CAA4-4349-A32A-B5F90ABD6F01}.AppStore|iPhone.Deploy.0 = Release|Any CPU
		{DDF2E290-CAA4-4349-A32A-B5F90ABD6F01}.AppStore|iPhoneSimulator.ActiveCfg = Release|Any CPU
		{DDF2E290-CAA4-4349-A32A-B5F90ABD6F01}.AppStore|iPhoneSimulator.Build.0 = Release|Any CPU
		{DDF2E290-CAA4-4349-A32A-B5F90ABD6F01}.AppStore|iPhoneSimulator.Deploy.0 = Release|Any CPU
		{DDF2E290-CAA4-4349-A32A-B5F90ABD6F01}.AppStore|x64.ActiveCfg = Release|x64
		{DDF2E290-CAA4-4349-A32A-B5F90ABD6F01}.AppStore|x64.Build.0 = Release|x64
		{DDF2E290-CAA4-4349-A32A-B5F90ABD6F01}.AppStore|x64.Deploy.0 = Release|x64
		{DDF2E290-CAA4-4349-A32A-B5F90ABD6F01}.AppStore|x86.ActiveCfg = Release|x86
		{DDF2E290-CAA4-4349-A32A-B5F90ABD6F01}.AppStore|x86.Build.0 = Release|x86
		{DDF2E290-CAA4-4349-A32A-B5F90ABD6F01}.AppStore|x86.Deploy.0 = Release|x86
		{DDF2E290-CAA4-4349-A32A-B5F90ABD6F01}.Debug|Any CPU.ActiveCfg = Debug|Any CPU
		{DDF2E290-CAA4-4349-A32A-B5F90ABD6F01}.Debug|Any CPU.Build.0 = Debug|Any CPU
		{DDF2E290-CAA4-4349-A32A-B5F90ABD6F01}.Debug|Any CPU.Deploy.0 = Debug|Any CPU
		{DDF2E290-CAA4-4349-A32A-B5F90ABD6F01}.Debug|ARM.ActiveCfg = Debug|ARM
		{DDF2E290-CAA4-4349-A32A-B5F90ABD6F01}.Debug|ARM.Build.0 = Debug|ARM
		{DDF2E290-CAA4-4349-A32A-B5F90ABD6F01}.Debug|ARM.Deploy.0 = Debug|ARM
		{DDF2E290-CAA4-4349-A32A-B5F90ABD6F01}.Debug|iPhone.ActiveCfg = Debug|Any CPU
		{DDF2E290-CAA4-4349-A32A-B5F90ABD6F01}.Debug|iPhone.Build.0 = Debug|Any CPU
		{DDF2E290-CAA4-4349-A32A-B5F90ABD6F01}.Debug|iPhone.Deploy.0 = Debug|Any CPU
		{DDF2E290-CAA4-4349-A32A-B5F90ABD6F01}.Debug|iPhoneSimulator.ActiveCfg = Debug|Any CPU
		{DDF2E290-CAA4-4349-A32A-B5F90ABD6F01}.Debug|iPhoneSimulator.Build.0 = Debug|Any CPU
		{DDF2E290-CAA4-4349-A32A-B5F90ABD6F01}.Debug|iPhoneSimulator.Deploy.0 = Debug|Any CPU
		{DDF2E290-CAA4-4349-A32A-B5F90ABD6F01}.Debug|x64.ActiveCfg = Debug|x64
		{DDF2E290-CAA4-4349-A32A-B5F90ABD6F01}.Debug|x64.Build.0 = Debug|x64
		{DDF2E290-CAA4-4349-A32A-B5F90ABD6F01}.Debug|x64.Deploy.0 = Debug|x64
		{DDF2E290-CAA4-4349-A32A-B5F90ABD6F01}.Debug|x86.ActiveCfg = Debug|x86
		{DDF2E290-CAA4-4349-A32A-B5F90ABD6F01}.Debug|x86.Build.0 = Debug|x86
		{DDF2E290-CAA4-4349-A32A-B5F90ABD6F01}.Debug|x86.Deploy.0 = Debug|x86
		{DDF2E290-CAA4-4349-A32A-B5F90ABD6F01}.Release|Any CPU.ActiveCfg = Release|Any CPU
		{DDF2E290-CAA4-4349-A32A-B5F90ABD6F01}.Release|Any CPU.Build.0 = Release|Any CPU
		{DDF2E290-CAA4-4349-A32A-B5F90ABD6F01}.Release|Any CPU.Deploy.0 = Release|Any CPU
		{DDF2E290-CAA4-4349-A32A-B5F90ABD6F01}.Release|ARM.ActiveCfg = Release|ARM
		{DDF2E290-CAA4-4349-A32A-B5F90ABD6F01}.Release|ARM.Build.0 = Release|ARM
		{DDF2E290-CAA4-4349-A32A-B5F90ABD6F01}.Release|ARM.Deploy.0 = Release|ARM
		{DDF2E290-CAA4-4349-A32A-B5F90ABD6F01}.Release|iPhone.ActiveCfg = Release|Any CPU
		{DDF2E290-CAA4-4349-A32A-B5F90ABD6F01}.Release|iPhone.Build.0 = Release|Any CPU
		{DDF2E290-CAA4-4349-A32A-B5F90ABD6F01}.Release|iPhone.Deploy.0 = Release|Any CPU
		{DDF2E290-CAA4-4349-A32A-B5F90ABD6F01}.Release|iPhoneSimulator.ActiveCfg = Release|Any CPU
		{DDF2E290-CAA4-4349-A32A-B5F90ABD6F01}.Release|iPhoneSimulator.Build.0 = Release|Any CPU
		{DDF2E290-CAA4-4349-A32A-B5F90ABD6F01}.Release|iPhoneSimulator.Deploy.0 = Release|Any CPU
		{DDF2E290-CAA4-4349-A32A-B5F90ABD6F01}.Release|x64.ActiveCfg = Release|x64
		{DDF2E290-CAA4-4349-A32A-B5F90ABD6F01}.Release|x64.Build.0 = Release|x64
		{DDF2E290-CAA4-4349-A32A-B5F90ABD6F01}.Release|x64.Deploy.0 = Release|x64
		{DDF2E290-CAA4-4349-A32A-B5F90ABD6F01}.Release|x86.ActiveCfg = Release|x86
		{DDF2E290-CAA4-4349-A32A-B5F90ABD6F01}.Release|x86.Build.0 = Release|x86
		{DDF2E290-CAA4-4349-A32A-B5F90ABD6F01}.Release|x86.Deploy.0 = Release|x86
	EndGlobalSection
	GlobalSection(SolutionProperties) = preSolution
		HideSolutionNode = FALSE
	EndGlobalSection
EndGlobal
